
Microsoft Visual Studio Solution File, Format Version 12.00
# Visual Studio Version 16
VisualStudioVersion = 16.0.29806.167
MinimumVisualStudioVersion = 10.0.40219.1
Project("{FAE04EC0-301F-11D3-BF4B-00C04F79EFBC}") = "ScreenShare", "ScreenShare\ScreenShare.csproj", "{ACAE668B-422D-4F8D-A1AD-599E3842CBA8}"
EndProject
Global
	GlobalSection(SolutionConfigurationPlatforms) = preSolution
		Debug|Any CPU = Debug|Any CPU
		Release|Any CPU = Release|Any CPU
	EndGlobalSection
	GlobalSection(ProjectConfigurationPlatforms) = postSolution
		{ACAE668B-422D-4F8D-A1AD-599E3842CBA8}.Debug|Any CPU.ActiveCfg = Debug|Any CPU
		{ACAE668B-422D-4F8D-A1AD-599E3842CBA8}.Debug|Any CPU.Build.0 = Debug|Any CPU
		{ACAE668B-422D-4F8D-A1AD-599E3842CBA8}.Release|Any CPU.ActiveCfg = Release|Any CPU
		{ACAE668B-422D-4F8D-A1AD-599E3842CBA8}.Release|Any CPU.Build.0 = Release|Any CPU
	EndGlobalSection
	GlobalSection(SolutionProperties) = preSolution
		HideSolutionNode = FALSE
	EndGlobalSection
	GlobalSection(ExtensibilityGlobals) = postSolution
		SolutionGuid = {8FD80D85-F7C8-4A7F-987D-819F84F24EF4}
	EndGlobalSection
EndGlobal
